// !$*UTF8*$!
{
	archiveVersion = 1;
	classes = {
	};
	objectVersion = 46;
	objects = {

/* Begin PBXBuildFile section */
		2950DB811EC9EA8C0031B129 /* AppDelegate.swift in Sources */ = {isa = PBXBuildFile; fileRef = 2950DB801EC9EA8C0031B129 /* AppDelegate.swift */; };
		2950DB851EC9EA8C0031B129 /* Actions.sks in Resources */ = {isa = PBXBuildFile; fileRef = 2950DB841EC9EA8C0031B129 /* Actions.sks */; };
		2950DB891EC9EA8C0031B129 /* GameViewController.swift in Sources */ = {isa = PBXBuildFile; fileRef = 2950DB881EC9EA8C0031B129 /* GameViewController.swift */; };
		2950DB8C1EC9EA8C0031B129 /* Main.storyboard in Resources */ = {isa = PBXBuildFile; fileRef = 2950DB8A1EC9EA8C0031B129 /* Main.storyboard */; };
		2950DB8E1EC9EA8C0031B129 /* Assets.xcassets in Resources */ = {isa = PBXBuildFile; fileRef = 2950DB8D1EC9EA8C0031B129 /* Assets.xcassets */; };
		2950DB911EC9EA8C0031B129 /* LaunchScreen.storyboard in Resources */ = {isa = PBXBuildFile; fileRef = 2950DB8F1EC9EA8C0031B129 /* LaunchScreen.storyboard */; };
		2950DB9C1EC9EA8C0031B129 /* Air_DefenderTests.swift in Sources */ = {isa = PBXBuildFile; fileRef = 2950DB9B1EC9EA8C0031B129 /* Air_DefenderTests.swift */; };
		2950DBA71EC9EA8C0031B129 /* Air_DefenderUITests.swift in Sources */ = {isa = PBXBuildFile; fileRef = 2950DBA61EC9EA8C0031B129 /* Air_DefenderUITests.swift */; };
		2950DBB71EC9EC710031B129 /* GameplayScene.sks in Resources */ = {isa = PBXBuildFile; fileRef = 2950DBB61EC9EC710031B129 /* GameplayScene.sks */; };
		2950DBBA1EC9EC960031B129 /* GameplayScene.swift in Sources */ = {isa = PBXBuildFile; fileRef = 2950DBB91EC9EC960031B129 /* GameplayScene.swift */; };
		29C23D381ED4A170009F11DD /* GameManager.swift in Sources */ = {isa = PBXBuildFile; fileRef = 29C23D371ED4A170009F11DD /* GameManager.swift */; };
/* End PBXBuildFile section */

/* Begin PBXContainerItemProxy section */
		2950DB981EC9EA8C0031B129 /* PBXContainerItemProxy */ = {
			isa = PBXContainerItemProxy;
			containerPortal = 2950DB751EC9EA8C0031B129 /* Project object */;
			proxyType = 1;
			remoteGlobalIDString = 2950DB7C1EC9EA8C0031B129;
			remoteInfo = "Air Defender";
		};
		2950DBA31EC9EA8C0031B129 /* PBXContainerItemProxy */ = {
			isa = PBXContainerItemProxy;
			containerPortal = 2950DB751EC9EA8C0031B129 /* Project object */;
			proxyType = 1;
			remoteGlobalIDString = 2950DB7C1EC9EA8C0031B129;
			remoteInfo = "Air Defender";
		};
/* End PBXContainerItemProxy section */

/* Begin PBXFileReference section */
		2950DB7D1EC9EA8C0031B129 /* Air Defender.app */ = {isa = PBXFileReference; explicitFileType = wrapper.application; includeInIndex = 0; path = "Air Defender.app"; sourceTree = BUILT_PRODUCTS_DIR; };
		2950DB801EC9EA8C0031B129 /* AppDelegate.swift */ = {isa = PBXFileReference; lastKnownFileType = sourcecode.swift; path = AppDelegate.swift; sourceTree = "<group>"; };
		2950DB841EC9EA8C0031B129 /* Actions.sks */ = {isa = PBXFileReference; lastKnownFileType = file.sks; path = Actions.sks; sourceTree = "<group>"; };
		2950DB881EC9EA8C0031B129 /* GameViewController.swift */ = {isa = PBXFileReference; lastKnownFileType = sourcecode.swift; path = GameViewController.swift; sourceTree = "<group>"; };
		2950DB8B1EC9EA8C0031B129 /* Base */ = {isa = PBXFileReference; lastKnownFileType = file.storyboard; name = Base; path = Base.lproj/Main.storyboard; sourceTree = "<group>"; };
		2950DB8D1EC9EA8C0031B129 /* Assets.xcassets */ = {isa = PBXFileReference; lastKnownFileType = folder.assetcatalog; path = Assets.xcassets; sourceTree = "<group>"; };
		2950DB901EC9EA8C0031B129 /* Base */ = {isa = PBXFileReference; lastKnownFileType = file.storyboard; name = Base; path = Base.lproj/LaunchScreen.storyboard; sourceTree = "<group>"; };
		2950DB921EC9EA8C0031B129 /* Info.plist */ = {isa = PBXFileReference; lastKnownFileType = text.plist.xml; path = Info.plist; sourceTree = "<group>"; };
		2950DB971EC9EA8C0031B129 /* Air DefenderTests.xctest */ = {isa = PBXFileReference; explicitFileType = wrapper.cfbundle; includeInIndex = 0; path = "Air DefenderTests.xctest"; sourceTree = BUILT_PRODUCTS_DIR; };
		2950DB9B1EC9EA8C0031B129 /* Air_DefenderTests.swift */ = {isa = PBXFileReference; lastKnownFileType = sourcecode.swift; path = Air_DefenderTests.swift; sourceTree = "<group>"; };
		2950DB9D1EC9EA8C0031B129 /* Info.plist */ = {isa = PBXFileReference; lastKnownFileType = text.plist.xml; path = Info.plist; sourceTree = "<group>"; };
		2950DBA21EC9EA8C0031B129 /* Air DefenderUITests.xctest */ = {isa = PBXFileReference; explicitFileType = wrapper.cfbundle; includeInIndex = 0; path = "Air DefenderUITests.xctest"; sourceTree = BUILT_PRODUCTS_DIR; };
		2950DBA61EC9EA8C0031B129 /* Air_DefenderUITests.swift */ = {isa = PBXFileReference; lastKnownFileType = sourcecode.swift; path = Air_DefenderUITests.swift; sourceTree = "<group>"; };
		2950DBA81EC9EA8C0031B129 /* Info.plist */ = {isa = PBXFileReference; lastKnownFileType = text.plist.xml; path = Info.plist; sourceTree = "<group>"; };
		2950DBB61EC9EC710031B129 /* GameplayScene.sks */ = {isa = PBXFileReference; lastKnownFileType = file.sks; path = GameplayScene.sks; sourceTree = "<group>"; };
		2950DBB91EC9EC960031B129 /* GameplayScene.swift */ = {isa = PBXFileReference; fileEncoding = 4; lastKnownFileType = sourcecode.swift; path = GameplayScene.swift; sourceTree = "<group>"; };
		29C23D371ED4A170009F11DD /* GameManager.swift */ = {isa = PBXFileReference; fileEncoding = 4; lastKnownFileType = sourcecode.swift; path = GameManager.swift; sourceTree = "<group>"; };
/* End PBXFileReference section */

/* Begin PBXFrameworksBuildPhase section */
		2950DB7A1EC9EA8C0031B129 /* Frameworks */ = {
			isa = PBXFrameworksBuildPhase;
			buildActionMask = 2147483647;
			files = (
			);
			runOnlyForDeploymentPostprocessing = 0;
		};
		2950DB941EC9EA8C0031B129 /* Frameworks */ = {
			isa = PBXFrameworksBuildPhase;
			buildActionMask = 2147483647;
			files = (
			);
			runOnlyForDeploymentPostprocessing = 0;
		};
		2950DB9F1EC9EA8C0031B129 /* Frameworks */ = {
			isa = PBXFrameworksBuildPhase;
			buildActionMask = 2147483647;
			files = (
			);
			runOnlyForDeploymentPostprocessing = 0;
		};
/* End PBXFrameworksBuildPhase section */

/* Begin PBXGroup section */
		2950DB741EC9EA8C0031B129 = {
			isa = PBXGroup;
			children = (
				2950DB7F1EC9EA8C0031B129 /* Air Defender */,
				2950DBB81EC9EC760031B129 /* Classes */,
				2950DBB41EC9EAB30031B129 /* Scenes */,
				2950DB9A1EC9EA8C0031B129 /* Air DefenderTests */,
				2950DBA51EC9EA8C0031B129 /* Air DefenderUITests */,
				2950DB7E1EC9EA8C0031B129 /* Products */,
			);
			sourceTree = "<group>";
		};
		2950DB7E1EC9EA8C0031B129 /* Products */ = {
			isa = PBXGroup;
			children = (
				2950DB7D1EC9EA8C0031B129 /* Air Defender.app */,
				2950DB971EC9EA8C0031B129 /* Air DefenderTests.xctest */,
				2950DBA21EC9EA8C0031B129 /* Air DefenderUITests.xctest */,
			);
			name = Products;
			sourceTree = "<group>";
		};
		2950DB7F1EC9EA8C0031B129 /* Air Defender */ = {
			isa = PBXGroup;
			children = (
				2950DB801EC9EA8C0031B129 /* AppDelegate.swift */,
				2950DB841EC9EA8C0031B129 /* Actions.sks */,
				2950DB881EC9EA8C0031B129 /* GameViewController.swift */,
				2950DB8A1EC9EA8C0031B129 /* Main.storyboard */,
				2950DB8D1EC9EA8C0031B129 /* Assets.xcassets */,
				2950DB8F1EC9EA8C0031B129 /* LaunchScreen.storyboard */,
				2950DB921EC9EA8C0031B129 /* Info.plist */,
			);
			path = "Air Defender";
			sourceTree = "<group>";
		};
		2950DB9A1EC9EA8C0031B129 /* Air DefenderTests */ = {
			isa = PBXGroup;
			children = (
				2950DB9B1EC9EA8C0031B129 /* Air_DefenderTests.swift */,
				2950DB9D1EC9EA8C0031B129 /* Info.plist */,
			);
			path = "Air DefenderTests";
			sourceTree = "<group>";
		};
		2950DBA51EC9EA8C0031B129 /* Air DefenderUITests */ = {
			isa = PBXGroup;
			children = (
				2950DBA61EC9EA8C0031B129 /* Air_DefenderUITests.swift */,
				2950DBA81EC9EA8C0031B129 /* Info.plist */,
			);
			path = "Air DefenderUITests";
			sourceTree = "<group>";
		};
		2950DBB41EC9EAB30031B129 /* Scenes */ = {
			isa = PBXGroup;
			children = (
				2950DBB61EC9EC710031B129 /* GameplayScene.sks */,
			);
			name = Scenes;
			sourceTree = "<group>";
		};
		2950DBB51EC9EABC0031B129 /* SceneClasses */ = {
			isa = PBXGroup;
			children = (
				2950DBB91EC9EC960031B129 /* GameplayScene.swift */,
			);
			name = SceneClasses;
			sourceTree = "<group>";
		};
		2950DBB81EC9EC760031B129 /* Classes */ = {
			isa = PBXGroup;
			children = (
				29C23D361ED4A15D009F11DD /* GameManager */,
				2950DBB51EC9EABC0031B129 /* SceneClasses */,
			);
			name = Classes;
			sourceTree = "<group>";
		};
		29C23D361ED4A15D009F11DD /* GameManager */ = {
			isa = PBXGroup;
			children = (
				29C23D371ED4A170009F11DD /* GameManager.swift */,
			);
			name = GameManager;
			sourceTree = "<group>";
		};
/* End PBXGroup section */

/* Begin PBXNativeTarget section */
		2950DB7C1EC9EA8C0031B129 /* Air Defender */ = {
			isa = PBXNativeTarget;
			buildConfigurationList = 2950DBAB1EC9EA8C0031B129 /* Build configuration list for PBXNativeTarget "Air Defender" */;
			buildPhases = (
				2950DB791EC9EA8C0031B129 /* Sources */,
				2950DB7A1EC9EA8C0031B129 /* Frameworks */,
				2950DB7B1EC9EA8C0031B129 /* Resources */,
			);
			buildRules = (
			);
			dependencies = (
			);
			name = "Air Defender";
			productName = "Air Defender";
			productReference = 2950DB7D1EC9EA8C0031B129 /* Air Defender.app */;
			productType = "com.apple.product-type.application";
		};
		2950DB961EC9EA8C0031B129 /* Air DefenderTests */ = {
			isa = PBXNativeTarget;
			buildConfigurationList = 2950DBAE1EC9EA8C0031B129 /* Build configuration list for PBXNativeTarget "Air DefenderTests" */;
			buildPhases = (
				2950DB931EC9EA8C0031B129 /* Sources */,
				2950DB941EC9EA8C0031B129 /* Frameworks */,
				2950DB951EC9EA8C0031B129 /* Resources */,
			);
			buildRules = (
			);
			dependencies = (
				2950DB991EC9EA8C0031B129 /* PBXTargetDependency */,
			);
			name = "Air DefenderTests";
			productName = "Air DefenderTests";
			productReference = 2950DB971EC9EA8C0031B129 /* Air DefenderTests.xctest */;
			productType = "com.apple.product-type.bundle.unit-test";
		};
		2950DBA11EC9EA8C0031B129 /* Air DefenderUITests */ = {
			isa = PBXNativeTarget;
			buildConfigurationList = 2950DBB11EC9EA8C0031B129 /* Build configuration list for PBXNativeTarget "Air DefenderUITests" */;
			buildPhases = (
				2950DB9E1EC9EA8C0031B129 /* Sources */,
				2950DB9F1EC9EA8C0031B129 /* Frameworks */,
				2950DBA01EC9EA8C0031B129 /* Resources */,
			);
			buildRules = (
			);
			dependencies = (
				2950DBA41EC9EA8C0031B129 /* PBXTargetDependency */,
			);
			name = "Air DefenderUITests";
			productName = "Air DefenderUITests";
			productReference = 2950DBA21EC9EA8C0031B129 /* Air DefenderUITests.xctest */;
			productType = "com.apple.product-type.bundle.ui-testing";
		};
/* End PBXNativeTarget section */

/* Begin PBXProject section */
		2950DB751EC9EA8C0031B129 /* Project object */ = {
			isa = PBXProject;
			attributes = {
				LastSwiftUpdateCheck = 0830;
				LastUpgradeCheck = 0830;
				ORGANIZATIONNAME = RusRazvan;
				TargetAttributes = {
					2950DB7C1EC9EA8C0031B129 = {
						CreatedOnToolsVersion = 8.3.2;
						DevelopmentTeam = L9NG53WPHY;
						ProvisioningStyle = Automatic;
					};
					2950DB961EC9EA8C0031B129 = {
						CreatedOnToolsVersion = 8.3.2;
						DevelopmentTeam = L9NG53WPHY;
						ProvisioningStyle = Automatic;
						TestTargetID = 2950DB7C1EC9EA8C0031B129;
					};
					2950DBA11EC9EA8C0031B129 = {
						CreatedOnToolsVersion = 8.3.2;
						DevelopmentTeam = L9NG53WPHY;
						ProvisioningStyle = Automatic;
						TestTargetID = 2950DB7C1EC9EA8C0031B129;
					};
				};
			};
			buildConfigurationList = 2950DB781EC9EA8C0031B129 /* Build configuration list for PBXProject "Air Defender" */;
			compatibilityVersion = "Xcode 3.2";
			developmentRegion = English;
			hasScannedForEncodings = 0;
			knownRegions = (
				en,
				Base,
			);
			mainGroup = 2950DB741EC9EA8C0031B129;
			productRefGroup = 2950DB7E1EC9EA8C0031B129 /* Products */;
			projectDirPath = "";
			projectRoot = "";
			targets = (
				2950DB7C1EC9EA8C0031B129 /* Air Defender */,
				2950DB961EC9EA8C0031B129 /* Air DefenderTests */,
				2950DBA11EC9EA8C0031B129 /* Air DefenderUITests */,
			);
		};
/* End PBXProject section */

/* Begin PBXResourcesBuildPhase section */
		2950DB7B1EC9EA8C0031B129 /* Resources */ = {
			isa = PBXResourcesBuildPhase;
			buildActionMask = 2147483647;
			files = (
				2950DB8C1EC9EA8C0031B129 /* Main.storyboard in Resources */,
				2950DB8E1EC9EA8C0031B129 /* Assets.xcassets in Resources */,
				2950DB911EC9EA8C0031B129 /* LaunchScreen.storyboard in Resources */,
				2950DBB71EC9EC710031B129 /* GameplayScene.sks in Resources */,
				2950DB851EC9EA8C0031B129 /* Actions.sks in Resources */,
			);
			runOnlyForDeploymentPostprocessing = 0;
		};
		2950DB951EC9EA8C0031B129 /* Resources */ = {
			isa = PBXResourcesBuildPhase;
			buildActionMask = 2147483647;
			files = (
			);
			runOnlyForDeploymentPostprocessing = 0;
		};
		2950DBA01EC9EA8C0031B129 /* Resources */ = {
			isa = PBXResourcesBuildPhase;
			buildActionMask = 2147483647;
			files = (
			);
			runOnlyForDeploymentPostprocessing = 0;
		};
/* End PBXResourcesBuildPhase section */

/* Begin PBXSourcesBuildPhase section */
		2950DB791EC9EA8C0031B129 /* Sources */ = {
			isa = PBXSourcesBuildPhase;
			buildActionMask = 2147483647;
			files = (
				2950DBBA1EC9EC960031B129 /* GameplayScene.swift in Sources */,
				2950DB891EC9EA8C0031B129 /* GameViewController.swift in Sources */,
				29C23D381ED4A170009F11DD /* GameManager.swift in Sources */,
				2950DB811EC9EA8C0031B129 /* AppDelegate.swift in Sources */,
			);
			runOnlyForDeploymentPostprocessing = 0;
		};
		2950DB931EC9EA8C0031B129 /* Sources */ = {
			isa = PBXSourcesBuildPhase;
			buildActionMask = 2147483647;
			files = (
				2950DB9C1EC9EA8C0031B129 /* Air_DefenderTests.swift in Sources */,
			);
			runOnlyForDeploymentPostprocessing = 0;
		};
		2950DB9E1EC9EA8C0031B129 /* Sources */ = {
			isa = PBXSourcesBuildPhase;
			buildActionMask = 2147483647;
			files = (
				2950DBA71EC9EA8C0031B129 /* Air_DefenderUITests.swift in Sources */,
			);
			runOnlyForDeploymentPostprocessing = 0;
		};
/* End PBXSourcesBuildPhase section */

/* Begin PBXTargetDependency section */
		2950DB991EC9EA8C0031B129 /* PBXTargetDependency */ = {
			isa = PBXTargetDependency;
			target = 2950DB7C1EC9EA8C0031B129 /* Air Defender */;
			targetProxy = 2950DB981EC9EA8C0031B129 /* PBXContainerItemProxy */;
		};
		2950DBA41EC9EA8C0031B129 /* PBXTargetDependency */ = {
			isa = PBXTargetDependency;
			target = 2950DB7C1EC9EA8C0031B129 /* Air Defender */;
			targetProxy = 2950DBA31EC9EA8C0031B129 /* PBXContainerItemProxy */;
		};
/* End PBXTargetDependency section */

/* Begin PBXVariantGroup section */
		2950DB8A1EC9EA8C0031B129 /* Main.storyboard */ = {
			isa = PBXVariantGroup;
			children = (
				2950DB8B1EC9EA8C0031B129 /* Base */,
			);
			name = Main.storyboard;
			sourceTree = "<group>";
		};
		2950DB8F1EC9EA8C0031B129 /* LaunchScreen.storyboard */ = {
			isa = PBXVariantGroup;
			children = (
				2950DB901EC9EA8C0031B129 /* Base */,
			);
			name = LaunchScreen.storyboard;
			sourceTree = "<group>";
		};
/* End PBXVariantGroup section */

/* Begin XCBuildConfiguration section */
		2950DBA91EC9EA8C0031B129 /* Debug */ = {
			isa = XCBuildConfiguration;
			buildSettings = {
				ALWAYS_SEARCH_USER_PATHS = NO;
				CLANG_ANALYZER_NONNULL = YES;
				CLANG_ANALYZER_NUMBER_OBJECT_CONVERSION = YES_AGGRESSIVE;
				CLANG_CXX_LANGUAGE_STANDARD = "gnu++0x";
				CLANG_CXX_LIBRARY = "libc++";
				CLANG_ENABLE_MODULES = YES;
				CLANG_ENABLE_OBJC_ARC = YES;
				CLANG_WARN_BOOL_CONVERSION = YES;
				CLANG_WARN_CONSTANT_CONVERSION = YES;
				CLANG_WARN_DIRECT_OBJC_ISA_USAGE = YES_ERROR;
				CLANG_WARN_DOCUMENTATION_COMMENTS = YES;
				CLANG_WARN_EMPTY_BODY = YES;
				CLANG_WARN_ENUM_CONVERSION = YES;
				CLANG_WARN_INFINITE_RECURSION = YES;
				CLANG_WARN_INT_CONVERSION = YES;
				CLANG_WARN_OBJC_ROOT_CLASS = YES_ERROR;
				CLANG_WARN_SUSPICIOUS_MOVE = YES;
				CLANG_WARN_UNREACHABLE_CODE = YES;
				CLANG_WARN__DUPLICATE_METHOD_MATCH = YES;
				"CODE_SIGN_IDENTITY[sdk=iphoneos*]" = "iPhone Developer";
				COPY_PHASE_STRIP = NO;
				DEBUG_INFORMATION_FORMAT = dwarf;
				ENABLE_STRICT_OBJC_MSGSEND = YES;
				ENABLE_TESTABILITY = YES;
				GCC_C_LANGUAGE_STANDARD = gnu99;
				GCC_DYNAMIC_NO_PIC = NO;
				GCC_NO_COMMON_BLOCKS = YES;
				GCC_OPTIMIZATION_LEVEL = 0;
				GCC_PREPROCESSOR_DEFINITIONS = (
					"DEBUG=1",
					"$(inherited)",
				);
				GCC_WARN_64_TO_32_BIT_CONVERSION = YES;
				GCC_WARN_ABOUT_RETURN_TYPE = YES_ERROR;
				GCC_WARN_UNDECLARED_SELECTOR = YES;
				GCC_WARN_UNINITIALIZED_AUTOS = YES_AGGRESSIVE;
				GCC_WARN_UNUSED_FUNCTION = YES;
				GCC_WARN_UNUSED_VARIABLE = YES;
				IPHONEOS_DEPLOYMENT_TARGET = 10.3;
				MTL_ENABLE_DEBUG_INFO = YES;
				ONLY_ACTIVE_ARCH = YES;
				SDKROOT = iphoneos;
				SWIFT_ACTIVE_COMPILATION_CONDITIONS = DEBUG;
				SWIFT_OPTIMIZATION_LEVEL = "-Onone";
			};
			name = Debug;
		};
		2950DBAA1EC9EA8C0031B129 /* Release */ = {
			isa = XCBuildConfiguration;
			buildSettings = {
				ALWAYS_SEARCH_USER_PATHS = NO;
				CLANG_ANALYZER_NONNULL = YES;
				CLANG_ANALYZER_NUMBER_OBJECT_CONVERSION = YES_AGGRESSIVE;
				CLANG_CXX_LANGUAGE_STANDARD = "gnu++0x";
				CLANG_CXX_LIBRARY = "libc++";
				CLANG_ENABLE_MODULES = YES;
				CLANG_ENABLE_OBJC_ARC = YES;
				CLANG_WARN_BOOL_CONVERSION = YES;
				CLANG_WARN_CONSTANT_CONVERSION = YES;
				CLANG_WARN_DIRECT_OBJC_ISA_USAGE = YES_ERROR;
				CLANG_WARN_DOCUMENTATION_COMMENTS = YES;
				CLANG_WARN_EMPTY_BODY = YES;
				CLANG_WARN_ENUM_CONVERSION = YES;
				CLANG_WARN_INFINITE_RECURSION = YES;
				CLANG_WARN_INT_CONVERSION = YES;
				CLANG_WARN_OBJC_ROOT_CLASS = YES_ERROR;
				CLANG_WARN_SUSPICIOUS_MOVE = YES;
				CLANG_WARN_UNREACHABLE_CODE = YES;
				CLANG_WARN__DUPLICATE_METHOD_MATCH = YES;
				"CODE_SIGN_IDENTITY[sdk=iphoneos*]" = "iPhone Developer";
				COPY_PHASE_STRIP = NO;
				DEBUG_INFORMATION_FORMAT = "dwarf-with-dsym";
				ENABLE_NS_ASSERTIONS = NO;
				ENABLE_STRICT_OBJC_MSGSEND = YES;
				GCC_C_LANGUAGE_STANDARD = gnu99;
				GCC_NO_COMMON_BLOCKS = YES;
				GCC_WARN_64_TO_32_BIT_CONVERSION = YES;
				GCC_WARN_ABOUT_RETURN_TYPE = YES_ERROR;
				GCC_WARN_UNDECLARED_SELECTOR = YES;
				GCC_WARN_UNINITIALIZED_AUTOS = YES_AGGRESSIVE;
				GCC_WARN_UNUSED_FUNCTION = YES;
				GCC_WARN_UNUSED_VARIABLE = YES;
				IPHONEOS_DEPLOYMENT_TARGET = 10.3;
				MTL_ENABLE_DEBUG_INFO = NO;
				SDKROOT = iphoneos;
				SWIFT_OPTIMIZATION_LEVEL = "-Owholemodule";
				VALIDATE_PRODUCT = YES;
			};
			name = Release;
		};
		2950DBAC1EC9EA8C0031B129 /* Debug */ = {
			isa = XCBuildConfiguration;
			buildSettings = {
				ASSETCATALOG_COMPILER_APPICON_NAME = AppIcon;
				DEVELOPMENT_TEAM = L9NG53WPHY;
				INFOPLIST_FILE = "Air Defender/Info.plist";
				IPHONEOS_DEPLOYMENT_TARGET = 10.0;
				LD_RUNPATH_SEARCH_PATHS = "$(inherited) @executable_path/Frameworks";
				PRODUCT_BUNDLE_IDENTIFIER = "RusRazvan.Air-Defender";
				PRODUCT_NAME = "$(TARGET_NAME)";
				SWIFT_VERSION = 3.0;
				TARGETED_DEVICE_FAMILY = 1;
			};
			name = Debug;
		};
		2950DBAD1EC9EA8C0031B129 /* Release */ = {
			isa = XCBuildConfiguration;
			buildSettings = {
				ASSETCATALOG_COMPILER_APPICON_NAME = AppIcon;
				DEVELOPMENT_TEAM = L9NG53WPHY;
				INFOPLIST_FILE = "Air Defender/Info.plist";
				IPHONEOS_DEPLOYMENT_TARGET = 10.0;
				LD_RUNPATH_SEARCH_PATHS = "$(inherited) @executable_path/Frameworks";
				PRODUCT_BUNDLE_IDENTIFIER = "RusRazvan.Air-Defender";
				PRODUCT_NAME = "$(TARGET_NAME)";
				SWIFT_VERSION = 3.0;
				TARGETED_DEVICE_FAMILY = 1;
			};
			name = Release;
		};
		2950DBAF1EC9EA8C0031B129 /* Debug */ = {
			isa = XCBuildConfiguration;
			buildSettings = {
				ALWAYS_EMBED_SWIFT_STANDARD_LIBRARIES = YES;
				BUNDLE_LOADER = "$(TEST_HOST)";
				DEVELOPMENT_TEAM = L9NG53WPHY;
				INFOPLIST_FILE = "Air DefenderTests/Info.plist";
				LD_RUNPATH_SEARCH_PATHS = "$(inherited) @executable_path/Frameworks @loader_path/Frameworks";
				PRODUCT_BUNDLE_IDENTIFIER = "RusRazvan.Air-DefenderTests";
				PRODUCT_NAME = "$(TARGET_NAME)";
				SWIFT_VERSION = 3.0;
				TEST_HOST = "$(BUILT_PRODUCTS_DIR)/Air Defender.app/Air Defender";
			};
			name = Debug;
		};
		2950DBB01EC9EA8C0031B129 /* Release */ = {
			isa = XCBuildConfiguration;
			buildSettings = {
				ALWAYS_EMBED_SWIFT_STANDARD_LIBRARIES = YES;
				BUNDLE_LOADER = "$(TEST_HOST)";
				DEVELOPMENT_TEAM = L9NG53WPHY;
				INFOPLIST_FILE = "Air DefenderTests/Info.plist";
				LD_RUNPATH_SEARCH_PATHS = "$(inherited) @executable_path/Frameworks @loader_path/Frameworks";
				PRODUCT_BUNDLE_IDENTIFIER = "RusRazvan.Air-DefenderTests";
				PRODUCT_NAME = "$(TARGET_NAME)";
				SWIFT_VERSION = 3.0;
				TEST_HOST = "$(BUILT_PRODUCTS_DIR)/Air Defender.app/Air Defender";
			};
			name = Release;
		};
		2950DBB21EC9EA8C0031B129 /* Debug */ = {
			isa = XCBuildConfiguration;
			buildSettings = {
				ALWAYS_EMBED_SWIFT_STANDARD_LIBRARIES = YES;
				DEVELOPMENT_TEAM = L9NG53WPHY;
				INFOPLIST_FILE = "Air DefenderUITests/Info.plist";
				LD_RUNPATH_SEARCH_PATHS = "$(inherited) @executable_path/Frameworks @loader_path/Frameworks";
				PRODUCT_BUNDLE_IDENTIFIER = "RusRazvan.Air-DefenderUITests";
				PRODUCT_NAME = "$(TARGET_NAME)";
				SWIFT_VERSION = 3.0;
				TEST_TARGET_NAME = "Air Defender";
			};
			name = Debug;
		};
		2950DBB31EC9EA8C0031B129 /* Release */ = {
			isa = XCBuildConfiguration;
			buildSettings = {
				ALWAYS_EMBED_SWIFT_STANDARD_LIBRARIES = YES;
				DEVELOPMENT_TEAM = L9NG53WPHY;
				INFOPLIST_FILE = "Air DefenderUITests/Info.plist";
				LD_RUNPATH_SEARCH_PATHS = "$(inherited) @executable_path/Frameworks @loader_path/Frameworks";
				PRODUCT_BUNDLE_IDENTIFIER = "RusRazvan.Air-DefenderUITests";
				PRODUCT_NAME = "$(TARGET_NAME)";
				SWIFT_VERSION = 3.0;
				TEST_TARGET_NAME = "Air Defender";
			};
			name = Release;
		};
/* End XCBuildConfiguration section */

/* Begin XCConfigurationList section */
		2950DB781EC9EA8C0031B129 /* Build configuration list for PBXProject "Air Defender" */ = {
			isa = XCConfigurationList;
			buildConfigurations = (
				2950DBA91EC9EA8C0031B129 /* Debug */,
				2950DBAA1EC9EA8C0031B129 /* Release */,
			);
			defaultConfigurationIsVisible = 0;
			defaultConfigurationName = Release;
		};
		2950DBAB1EC9EA8C0031B129 /* Build configuration list for PBXNativeTarget "Air Defender" */ = {
			isa = XCConfigurationList;
			buildConfigurations = (
				2950DBAC1EC9EA8C0031B129 /* Debug */,
				2950DBAD1EC9EA8C0031B129 /* Release */,
			);
			defaultConfigurationIsVisible = 0;
			defaultConfigurationName = Release;
		};
		2950DBAE1EC9EA8C0031B129 /* Build configuration list for PBXNativeTarget "Air DefenderTests" */ = {
			isa = XCConfigurationList;
			buildConfigurations = (
				2950DBAF1EC9EA8C0031B129 /* Debug */,
				2950DBB01EC9EA8C0031B129 /* Release */,
			);
			defaultConfigurationIsVisible = 0;
			defaultConfigurationName = Release;
		};
		2950DBB11EC9EA8C0031B129 /* Build configuration list for PBXNativeTarget "Air DefenderUITests" */ = {
			isa = XCConfigurationList;
			buildConfigurations = (
				2950DBB21EC9EA8C0031B129 /* Debug */,
				2950DBB31EC9EA8C0031B129 /* Release */,
			);
			defaultConfigurationIsVisible = 0;
			defaultConfigurationName = Release;
		};
/* End XCConfigurationList section */
	};
	rootObject = 2950DB751EC9EA8C0031B129 /* Project object */;
}
